
Microsoft Visual Studio Solution File, Format Version 12.00
Project("{FAE04EC0-301F-11D3-BF4B-00C04F79EFBC}") = "WebSocketServer_1C", "WebSocketServer_1C\WebSocketServer_1C.csproj", "{76E5EA4B-C146-429F-B589-B16E1C9DE921}"
EndProject
Global
	GlobalSection(SolutionConfigurationPlatforms) = preSolution
		Debug|Any CPU = Debug|Any CPU
		Release|Any CPU = Release|Any CPU
	EndGlobalSection
	GlobalSection(ProjectConfigurationPlatforms) = postSolution
		{76E5EA4B-C146-429F-B589-B16E1C9DE921}.Debug|Any CPU.ActiveCfg = Debug|Any CPU
		{76E5EA4B-C146-429F-B589-B16E1C9DE921}.Debug|Any CPU.Build.0 = Debug|Any CPU
		{76E5EA4B-C146-429F-B589-B16E1C9DE921}.Release|Any CPU.ActiveCfg = Release|Any CPU
		{76E5EA4B-C146-429F-B589-B16E1C9DE921}.Release|Any CPU.Build.0 = Release|Any CPU
	EndGlobalSection
EndGlobal
